// !$*UTF8*$!
{
	archiveVersion = 1;
	classes = {
	};
	objectVersion = 56;
	objects = {

/* Begin PBXBuildFile section */
		55308C5E2BBE55140006DDC7 /* AppDelegate.m in Sources */ = {isa = PBXBuildFile; fileRef = 55308C5D2BBE55140006DDC7 /* AppDelegate.m */; };
		55308C612BBE55140006DDC7 /* SceneDelegate.m in Sources */ = {isa = PBXBuildFile; fileRef = 55308C602BBE55140006DDC7 /* SceneDelegate.m */; };
		55308C642BBE55140006DDC7 /* ViewController.m in Sources */ = {isa = PBXBuildFile; fileRef = 55308C632BBE55140006DDC7 /* ViewController.m */; };
		55308C672BBE55140006DDC7 /* Base in Resources */ = {isa = PBXBuildFile; fileRef = 55308C662BBE55140006DDC7 /* Base */; };
		55308C692BBE55150006DDC7 /* Assets.xcassets in Resources */ = {isa = PBXBuildFile; fileRef = 55308C682BBE55150006DDC7 /* Assets.xcassets */; };
		55308C6C2BBE55150006DDC7 /* Base in Resources */ = {isa = PBXBuildFile; fileRef = 55308C6B2BBE55150006DDC7 /* Base */; };
		55308C6F2BBE55150006DDC7 /* main.m in Sources */ = {isa = PBXBuildFile; fileRef = 55308C6E2BBE55150006DDC7 /* main.m */; };
		55308C762BBE558D0006DDC7 /* DownloadImageHelper.m in Sources */ = {isa = PBXBuildFile; fileRef = 55308C752BBE558D0006DDC7 /* DownloadImageHelper.m */; };
		55308C7D2BBE62B90006DDC7 /* ImageCell.xib in Resources */ = {isa = PBXBuildFile; fileRef = 55308C7C2BBE62B90006DDC7 /* ImageCell.xib */; };
		55308C7E2BBE62B90006DDC7 /* ImageCell.m in Sources */ = {isa = PBXBuildFile; fileRef = 55308C7B2BBE62B90006DDC7 /* ImageCell.m */; };
		5581FDD42BBE98C6007A9683 /* CacheImageHelper.m in Sources */ = {isa = PBXBuildFile; fileRef = 5581FDD32BBE98C6007A9683 /* CacheImageHelper.m */; };
/* End PBXBuildFile section */

/* Begin PBXFileReference section */
		55308C592BBE55140006DDC7 /* challenge_Z.app */ = {isa = PBXFileReference; explicitFileType = wrapper.application; includeInIndex = 0; path = challenge_Z.app; sourceTree = BUILT_PRODUCTS_DIR; };
		55308C5C2BBE55140006DDC7 /* AppDelegate.h */ = {isa = PBXFileReference; lastKnownFileType = sourcecode.c.h; path = AppDelegate.h; sourceTree = "<group>"; };
		55308C5D2BBE55140006DDC7 /* AppDelegate.m */ = {isa = PBXFileReference; lastKnownFileType = sourcecode.c.objc; path = AppDelegate.m; sourceTree = "<group>"; };
		55308C5F2BBE55140006DDC7 /* SceneDelegate.h */ = {isa = PBXFileReference; lastKnownFileType = sourcecode.c.h; path = SceneDelegate.h; sourceTree = "<group>"; };
		55308C602BBE55140006DDC7 /* SceneDelegate.m */ = {isa = PBXFileReference; lastKnownFileType = sourcecode.c.objc; path = SceneDelegate.m; sourceTree = "<group>"; };
		55308C622BBE55140006DDC7 /* ViewController.h */ = {isa = PBXFileReference; lastKnownFileType = sourcecode.c.h; path = ViewController.h; sourceTree = "<group>"; };
		55308C632BBE55140006DDC7 /* ViewController.m */ = {isa = PBXFileReference; lastKnownFileType = sourcecode.c.objc; path = ViewController.m; sourceTree = "<group>"; };
		55308C662BBE55140006DDC7 /* Base */ = {isa = PBXFileReference; lastKnownFileType = file.storyboard; name = Base; path = Base.lproj/Main.storyboard; sourceTree = "<group>"; };
		55308C682BBE55150006DDC7 /* Assets.xcassets */ = {isa = PBXFileReference; lastKnownFileType = folder.assetcatalog; path = Assets.xcassets; sourceTree = "<group>"; };
		55308C6B2BBE55150006DDC7 /* Base */ = {isa = PBXFileReference; lastKnownFileType = file.storyboard; name = Base; path = Base.lproj/LaunchScreen.storyboard; sourceTree = "<group>"; };
		55308C6D2BBE55150006DDC7 /* Info.plist */ = {isa = PBXFileReference; lastKnownFileType = text.plist.xml; path = Info.plist; sourceTree = "<group>"; };
		55308C6E2BBE55150006DDC7 /* main.m */ = {isa = PBXFileReference; lastKnownFileType = sourcecode.c.objc; path = main.m; sourceTree = "<group>"; };
		55308C752BBE558D0006DDC7 /* DownloadImageHelper.m */ = {isa = PBXFileReference; lastKnownFileType = sourcecode.c.objc; path = DownloadImageHelper.m; sourceTree = "<group>"; };
		55308C772BBE55E90006DDC7 /* DownloadImageHelper.h */ = {isa = PBXFileReference; lastKnownFileType = sourcecode.c.h; path = DownloadImageHelper.h; sourceTree = "<group>"; };
		55308C7A2BBE62B90006DDC7 /* ImageCell.h */ = {isa = PBXFileReference; lastKnownFileType = sourcecode.c.h; path = ImageCell.h; sourceTree = "<group>"; };
		55308C7B2BBE62B90006DDC7 /* ImageCell.m */ = {isa = PBXFileReference; lastKnownFileType = sourcecode.c.objc; path = ImageCell.m; sourceTree = "<group>"; };
		55308C7C2BBE62B90006DDC7 /* ImageCell.xib */ = {isa = PBXFileReference; lastKnownFileType = file.xib; path = ImageCell.xib; sourceTree = "<group>"; };
		5581FDD32BBE98C6007A9683 /* CacheImageHelper.m */ = {isa = PBXFileReference; lastKnownFileType = sourcecode.c.objc; path = CacheImageHelper.m; sourceTree = "<group>"; };
		5581FDD52BBE98CF007A9683 /* CacheImageHelper.h */ = {isa = PBXFileReference; lastKnownFileType = sourcecode.c.h; path = CacheImageHelper.h; sourceTree = "<group>"; };
/* End PBXFileReference section */

/* Begin PBXFrameworksBuildPhase section */
		55308C562BBE55140006DDC7 /* Frameworks */ = {
			isa = PBXFrameworksBuildPhase;
			buildActionMask = 2147483647;
			files = (
			);
			runOnlyForDeploymentPostprocessing = 0;
		};
/* End PBXFrameworksBuildPhase section */

/* Begin PBXGroup section */
		55308C502BBE55140006DDC7 = {
			isa = PBXGroup;
			children = (
				55308C5B2BBE55140006DDC7 /* challenge_Z */,
				55308C5A2BBE55140006DDC7 /* Products */,
			);
			sourceTree = "<group>";
		};
		55308C5A2BBE55140006DDC7 /* Products */ = {
			isa = PBXGroup;
			children = (
				55308C592BBE55140006DDC7 /* challenge_Z.app */,
			);
			name = Products;
			sourceTree = "<group>";
		};
		55308C5B2BBE55140006DDC7 /* challenge_Z */ = {
			isa = PBXGroup;
			children = (
				55308C792BBE629A0006DDC7 /* Cell */,
				55308C782BBE561A0006DDC7 /* Helper */,
				55308C5C2BBE55140006DDC7 /* AppDelegate.h */,
				55308C5D2BBE55140006DDC7 /* AppDelegate.m */,
				55308C5F2BBE55140006DDC7 /* SceneDelegate.h */,
				55308C602BBE55140006DDC7 /* SceneDelegate.m */,
				55308C622BBE55140006DDC7 /* ViewController.h */,
				55308C632BBE55140006DDC7 /* ViewController.m */,
				55308C652BBE55140006DDC7 /* Main.storyboard */,
				55308C682BBE55150006DDC7 /* Assets.xcassets */,
				55308C6A2BBE55150006DDC7 /* LaunchScreen.storyboard */,
				55308C6D2BBE55150006DDC7 /* Info.plist */,
				55308C6E2BBE55150006DDC7 /* main.m */,
			);
			path = challenge_Z;
			sourceTree = "<group>";
		};
		55308C782BBE561A0006DDC7 /* Helper */ = {
			isa = PBXGroup;
			children = (
				55308C752BBE558D0006DDC7 /* DownloadImageHelper.m */,
				55308C772BBE55E90006DDC7 /* DownloadImageHelper.h */,
				5581FDD32BBE98C6007A9683 /* CacheImageHelper.m */,
				5581FDD52BBE98CF007A9683 /* CacheImageHelper.h */,
			);
			path = Helper;
			sourceTree = "<group>";
		};
		55308C792BBE629A0006DDC7 /* Cell */ = {
			isa = PBXGroup;
			children = (
				55308C7A2BBE62B90006DDC7 /* ImageCell.h */,
				55308C7B2BBE62B90006DDC7 /* ImageCell.m */,
				55308C7C2BBE62B90006DDC7 /* ImageCell.xib */,
			);
			path = Cell;
			sourceTree = "<group>";
		};
/* End PBXGroup section */

/* Begin PBXNativeTarget section */
		55308C582BBE55140006DDC7 /* challenge_Z */ = {
			isa = PBXNativeTarget;
			buildConfigurationList = 55308C722BBE55150006DDC7 /* Build configuration list for PBXNativeTarget "challenge_Z" */;
			buildPhases = (
				55308C552BBE55140006DDC7 /* Sources */,
				55308C562BBE55140006DDC7 /* Frameworks */,
				55308C572BBE55140006DDC7 /* Resources */,
			);
			buildRules = (
			);
			dependencies = (
			);
			name = challenge_Z;
			productName = challenge_Z;
			productReference = 55308C592BBE55140006DDC7 /* challenge_Z.app */;
			productType = "com.apple.product-type.application";
		};
/* End PBXNativeTarget section */

/* Begin PBXProject section */
		55308C512BBE55140006DDC7 /* Project object */ = {
			isa = PBXProject;
			attributes = {
				BuildIndependentTargetsInParallel = 1;
				LastUpgradeCheck = 1530;
				TargetAttributes = {
					55308C582BBE55140006DDC7 = {
						CreatedOnToolsVersion = 15.3;
					};
				};
			};
			buildConfigurationList = 55308C542BBE55140006DDC7 /* Build configuration list for PBXProject "challenge_Z" */;
			compatibilityVersion = "Xcode 14.0";
			developmentRegion = en;
			hasScannedForEncodings = 0;
			knownRegions = (
				en,
				Base,
			);
			mainGroup = 55308C502BBE55140006DDC7;
			productRefGroup = 55308C5A2BBE55140006DDC7 /* Products */;
			projectDirPath = "";
			projectRoot = "";
			targets = (
				55308C582BBE55140006DDC7 /* challenge_Z */,
			);
		};
/* End PBXProject section */

/* Begin PBXResourcesBuildPhase section */
		55308C572BBE55140006DDC7 /* Resources */ = {
			isa = PBXResourcesBuildPhase;
			buildActionMask = 2147483647;
			files = (
				55308C692BBE55150006DDC7 /* Assets.xcassets in Resources */,
				55308C7D2BBE62B90006DDC7 /* ImageCell.xib in Resources */,
				55308C6C2BBE55150006DDC7 /* Base in Resources */,
				55308C672BBE55140006DDC7 /* Base in Resources */,
			);
			runOnlyForDeploymentPostprocessing = 0;
		};
/* End PBXResourcesBuildPhase section */

/* Begin PBXSourcesBuildPhase section */
		55308C552BBE55140006DDC7 /* Sources */ = {
			isa = PBXSourcesBuildPhase;
			buildActionMask = 2147483647;
			files = (
				55308C642BBE55140006DDC7 /* ViewController.m in Sources */,
				55308C7E2BBE62B90006DDC7 /* ImageCell.m in Sources */,
				5581FDD42BBE98C6007A9683 /* CacheImageHelper.m in Sources */,
				55308C5E2BBE55140006DDC7 /* AppDelegate.m in Sources */,
				55308C762BBE558D0006DDC7 /* DownloadImageHelper.m in Sources */,
				55308C6F2BBE55150006DDC7 /* main.m in Sources */,
				55308C612BBE55140006DDC7 /* SceneDelegate.m in Sources */,
			);
			runOnlyForDeploymentPostprocessing = 0;
		};
/* End PBXSourcesBuildPhase section */

/* Begin PBXVariantGroup section */
		55308C652BBE55140006DDC7 /* Main.storyboard */ = {
			isa = PBXVariantGroup;
			children = (
				55308C662BBE55140006DDC7 /* Base */,
			);
			name = Main.storyboard;
			sourceTree = "<group>";
		};
		55308C6A2BBE55150006DDC7 /* LaunchScreen.storyboard */ = {
			isa = PBXVariantGroup;
			children = (
				55308C6B2BBE55150006DDC7 /* Base */,
			);
			name = LaunchScreen.storyboard;
			sourceTree = "<group>";
		};
/* End PBXVariantGroup section */

/* Begin XCBuildConfiguration section */
		55308C702BBE55150006DDC7 /* Debug */ = {
			isa = XCBuildConfiguration;
			buildSettings = {
				ALWAYS_SEARCH_USER_PATHS = NO;
				ASSETCATALOG_COMPILER_GENERATE_SWIFT_ASSET_SYMBOL_EXTENSIONS = YES;
				CLANG_ANALYZER_NONNULL = YES;
				CLANG_ANALYZER_NUMBER_OBJECT_CONVERSION = YES_AGGRESSIVE;
				CLANG_CXX_LANGUAGE_STANDARD = "gnu++20";
				CLANG_ENABLE_MODULES = YES;
				CLANG_ENABLE_OBJC_ARC = YES;
				CLANG_ENABLE_OBJC_WEAK = YES;
				CLANG_WARN_BLOCK_CAPTURE_AUTORELEASING = YES;
				CLANG_WARN_BOOL_CONVERSION = YES;
				CLANG_WARN_COMMA = YES;
				CLANG_WARN_CONSTANT_CONVERSION = YES;
				CLANG_WARN_DEPRECATED_OBJC_IMPLEMENTATIONS = YES;
				CLANG_WARN_DIRECT_OBJC_ISA_USAGE = YES_ERROR;
				CLANG_WARN_DOCUMENTATION_COMMENTS = YES;
				CLANG_WARN_EMPTY_BODY = YES;
				CLANG_WARN_ENUM_CONVERSION = YES;
				CLANG_WARN_INFINITE_RECURSION = YES;
				CLANG_WARN_INT_CONVERSION = YES;
				CLANG_WARN_NON_LITERAL_NULL_CONVERSION = YES;
				CLANG_WARN_OBJC_IMPLICIT_RETAIN_SELF = YES;
				CLANG_WARN_OBJC_LITERAL_CONVERSION = YES;
				CLANG_WARN_OBJC_ROOT_CLASS = YES_ERROR;
				CLANG_WARN_QUOTED_INCLUDE_IN_FRAMEWORK_HEADER = YES;
				CLANG_WARN_RANGE_LOOP_ANALYSIS = YES;
				CLANG_WARN_STRICT_PROTOTYPES = YES;
				CLANG_WARN_SUSPICIOUS_MOVE = YES;
				CLANG_WARN_UNGUARDED_AVAILABILITY = YES_AGGRESSIVE;
				CLANG_WARN_UNREACHABLE_CODE = YES;
				CLANG_WARN__DUPLICATE_METHOD_MATCH = YES;
				COPY_PHASE_STRIP = NO;
				DEBUG_INFORMATION_FORMAT = dwarf;
				ENABLE_STRICT_OBJC_MSGSEND = YES;
				ENABLE_TESTABILITY = YES;
				ENABLE_USER_SCRIPT_SANDBOXING = YES;
				GCC_C_LANGUAGE_STANDARD = gnu17;
				GCC_DYNAMIC_NO_PIC = NO;
				GCC_NO_COMMON_BLOCKS = YES;
				GCC_OPTIMIZATION_LEVEL = 0;
				GCC_PREPROCESSOR_DEFINITIONS = (
					"DEBUG=1",
					"$(inherited)",
				);
				GCC_WARN_64_TO_32_BIT_CONVERSION = YES;
				GCC_WARN_ABOUT_RETURN_TYPE = YES_ERROR;
				GCC_WARN_UNDECLARED_SELECTOR = YES;
				GCC_WARN_UNINITIALIZED_AUTOS = YES_AGGRESSIVE;
				GCC_WARN_UNUSED_FUNCTION = YES;
				GCC_WARN_UNUSED_VARIABLE = YES;
				IPHONEOS_DEPLOYMENT_TARGET = 17.4;
				LOCALIZATION_PREFERS_STRING_CATALOGS = YES;
				MTL_ENABLE_DEBUG_INFO = INCLUDE_SOURCE;
				MTL_FAST_MATH = YES;
				ONLY_ACTIVE_ARCH = YES;
				SDKROOT = iphoneos;
			};
			name = Debug;
		};
		55308C712BBE55150006DDC7 /* Release */ = {
			isa = XCBuildConfiguration;
			buildSettings = {
				ALWAYS_SEARCH_USER_PATHS = NO;
				ASSETCATALOG_COMPILER_GENERATE_SWIFT_ASSET_SYMBOL_EXTENSIONS = YES;
				CLANG_ANALYZER_NONNULL = YES;
				CLANG_ANALYZER_NUMBER_OBJECT_CONVERSION = YES_AGGRESSIVE;
				CLANG_CXX_LANGUAGE_STANDARD = "gnu++20";
				CLANG_ENABLE_MODULES = YES;
				CLANG_ENABLE_OBJC_ARC = YES;
				CLANG_ENABLE_OBJC_WEAK = YES;
				CLANG_WARN_BLOCK_CAPTURE_AUTORELEASING = YES;
				CLANG_WARN_BOOL_CONVERSION = YES;
				CLANG_WARN_COMMA = YES;
				CLANG_WARN_CONSTANT_CONVERSION = YES;
				CLANG_WARN_DEPRECATED_OBJC_IMPLEMENTATIONS = YES;
				CLANG_WARN_DIRECT_OBJC_ISA_USAGE = YES_ERROR;
				CLANG_WARN_DOCUMENTATION_COMMENTS = YES;
				CLANG_WARN_EMPTY_BODY = YES;
				CLANG_WARN_ENUM_CONVERSION = YES;
				CLANG_WARN_INFINITE_RECURSION = YES;
				CLANG_WARN_INT_CONVERSION = YES;
				CLANG_WARN_NON_LITERAL_NULL_CONVERSION = YES;
				CLANG_WARN_OBJC_IMPLICIT_RETAIN_SELF = YES;
				CLANG_WARN_OBJC_LITERAL_CONVERSION = YES;
				CLANG_WARN_OBJC_ROOT_CLASS = YES_ERROR;
				CLANG_WARN_QUOTED_INCLUDE_IN_FRAMEWORK_HEADER = YES;
				CLANG_WARN_RANGE_LOOP_ANALYSIS = YES;
				CLANG_WARN_STRICT_PROTOTYPES = YES;
				CLANG_WARN_SUSPICIOUS_MOVE = YES;
				CLANG_WARN_UNGUARDED_AVAILABILITY = YES_AGGRESSIVE;
				CLANG_WARN_UNREACHABLE_CODE = YES;
				CLANG_WARN__DUPLICATE_METHOD_MATCH = YES;
				COPY_PHASE_STRIP = NO;
				DEBUG_INFORMATION_FORMAT = "dwarf-with-dsym";
				ENABLE_NS_ASSERTIONS = NO;
				ENABLE_STRICT_OBJC_MSGSEND = YES;
				ENABLE_USER_SCRIPT_SANDBOXING = YES;
				GCC_C_LANGUAGE_STANDARD = gnu17;
				GCC_NO_COMMON_BLOCKS = YES;
				GCC_WARN_64_TO_32_BIT_CONVERSION = YES;
				GCC_WARN_ABOUT_RETURN_TYPE = YES_ERROR;
				GCC_WARN_UNDECLARED_SELECTOR = YES;
				GCC_WARN_UNINITIALIZED_AUTOS = YES_AGGRESSIVE;
				GCC_WARN_UNUSED_FUNCTION = YES;
				GCC_WARN_UNUSED_VARIABLE = YES;
				IPHONEOS_DEPLOYMENT_TARGET = 17.4;
				LOCALIZATION_PREFERS_STRING_CATALOGS = YES;
				MTL_ENABLE_DEBUG_INFO = NO;
				MTL_FAST_MATH = YES;
				SDKROOT = iphoneos;
				VALIDATE_PRODUCT = YES;
			};
			name = Release;
		};
		55308C732BBE55150006DDC7 /* Debug */ = {
			isa = XCBuildConfiguration;
			buildSettings = {
				ASSETCATALOG_COMPILER_APPICON_NAME = AppIcon;
				ASSETCATALOG_COMPILER_GLOBAL_ACCENT_COLOR_NAME = AccentColor;
				CODE_SIGN_STYLE = Automatic;
				CURRENT_PROJECT_VERSION = 1;
				GENERATE_INFOPLIST_FILE = YES;
				INFOPLIST_FILE = challenge_Z/Info.plist;
				INFOPLIST_KEY_UIApplicationSupportsIndirectInputEvents = YES;
				INFOPLIST_KEY_UILaunchStoryboardName = LaunchScreen;
				INFOPLIST_KEY_UIMainStoryboardFile = Main;
				INFOPLIST_KEY_UISupportedInterfaceOrientations_iPad = "UIInterfaceOrientationPortrait UIInterfaceOrientationPortraitUpsideDown UIInterfaceOrientationLandscapeLeft UIInterfaceOrientationLandscapeRight";
				INFOPLIST_KEY_UISupportedInterfaceOrientations_iPhone = "UIInterfaceOrientationPortrait UIInterfaceOrientationLandscapeLeft UIInterfaceOrientationLandscapeRight";
				LD_RUNPATH_SEARCH_PATHS = (
					"$(inherited)",
					"@executable_path/Frameworks",
				);
				MARKETING_VERSION = 1.0;
				PRODUCT_BUNDLE_IDENTIFIER = "thachlh.challenge-Z";
				PRODUCT_NAME = "$(TARGET_NAME)";
				SWIFT_EMIT_LOC_STRINGS = YES;
				TARGETED_DEVICE_FAMILY = "1,2";
			};
			name = Debug;
		};
		55308C742BBE55150006DDC7 /* Release */ = {
			isa = XCBuildConfiguration;
			buildSettings = {
				ASSETCATALOG_COMPILER_APPICON_NAME = AppIcon;
				ASSETCATALOG_COMPILER_GLOBAL_ACCENT_COLOR_NAME = AccentColor;
				CODE_SIGN_STYLE = Automatic;
				CURRENT_PROJECT_VERSION = 1;
				GENERATE_INFOPLIST_FILE = YES;
				INFOPLIST_FILE = challenge_Z/Info.plist;
				INFOPLIST_KEY_UIApplicationSupportsIndirectInputEvents = YES;
				INFOPLIST_KEY_UILaunchStoryboardName = LaunchScreen;
				INFOPLIST_KEY_UIMainStoryboardFile = Main;
				INFOPLIST_KEY_UISupportedInterfaceOrientations_iPad = "UIInterfaceOrientationPortrait UIInterfaceOrientationPortraitUpsideDown UIInterfaceOrientationLandscapeLeft UIInterfaceOrientationLandscapeRight";
				INFOPLIST_KEY_UISupportedInterfaceOrientations_iPhone = "UIInterfaceOrientationPortrait UIInterfaceOrientationLandscapeLeft UIInterfaceOrientationLandscapeRight";
				LD_RUNPATH_SEARCH_PATHS = (
					"$(inherited)",
					"@executable_path/Frameworks",
				);
				MARKETING_VERSION = 1.0;
				PRODUCT_BUNDLE_IDENTIFIER = "thachlh.challenge-Z";
				PRODUCT_NAME = "$(TARGET_NAME)";
				SWIFT_EMIT_LOC_STRINGS = YES;
				TARGETED_DEVICE_FAMILY = "1,2";
			};
			name = Release;
		};
/* End XCBuildConfiguration section */

/* Begin XCConfigurationList section */
		55308C542BBE55140006DDC7 /* Build configuration list for PBXProject "challenge_Z" */ = {
			isa = XCConfigurationList;
			buildConfigurations = (
				55308C702BBE55150006DDC7 /* Debug */,
				55308C712BBE55150006DDC7 /* Release */,
			);
			defaultConfigurationIsVisible = 0;
			defaultConfigurationName = Release;
		};
		55308C722BBE55150006DDC7 /* Build configuration list for PBXNativeTarget "challenge_Z" */ = {
			isa = XCConfigurationList;
			buildConfigurations = (
				55308C732BBE55150006DDC7 /* Debug */,
				55308C742BBE55150006DDC7 /* Release */,
			);
			defaultConfigurationIsVisible = 0;
			defaultConfigurationName = Release;
		};
/* End XCConfigurationList section */
	};
	rootObject = 55308C512BBE55140006DDC7 /* Project object */;
}
